
Microsoft Visual Studio Solution File, Format Version 12.00
# Visual Studio Version 16
VisualStudioVersion = 16.0.30907.101
MinimumVisualStudioVersion = 10.0.40219.1
Project("{FAE04EC0-301F-11D3-BF4B-00C04F79EFBC}") = "ThirdCourse", "ThirdCourse\ThirdCourse.csproj", "{1F23285F-19E9-430F-8137-0564B8854CB9}"
EndProject
Global
	GlobalSection(SolutionConfigurationPlatforms) = preSolution
		Debug|Any CPU = Debug|Any CPU
		Release|Any CPU = Release|Any CPU
	EndGlobalSection
	GlobalSection(ProjectConfigurationPlatforms) = postSolution
		{1F23285F-19E9-430F-8137-0564B8854CB9}.Debug|Any CPU.ActiveCfg = Debug|Any CPU
		{1F23285F-19E9-430F-8137-0564B8854CB9}.Debug|Any CPU.Build.0 = Debug|Any CPU
		{1F23285F-19E9-430F-8137-0564B8854CB9}.Release|Any CPU.ActiveCfg = Release|Any CPU
		{1F23285F-19E9-430F-8137-0564B8854CB9}.Release|Any CPU.Build.0 = Release|Any CPU
	EndGlobalSection
	GlobalSection(SolutionProperties) = preSolution
		HideSolutionNode = FALSE
	EndGlobalSection
	GlobalSection(ExtensibilityGlobals) = postSolution
		SolutionGuid = {84447EDD-9F1F-4EB7-97E0-5FB439990D00}
	EndGlobalSection
EndGlobal
